
Microsoft Visual Studio Solution File, Format Version 12.00
# Visual Studio Version 17
VisualStudioVersion = 17.0.31521.260
MinimumVisualStudioVersion = 10.0.40219.1
Project("{FAE04EC0-301F-11D3-BF4B-00C04F79EFBC}") = "FizzBuzzBlazor", "FizzBuzzBlazor.csproj", "{0ACA2803-C101-45C9-9D2D-342C81EEDDB0}"
EndProject
Global
	GlobalSection(SolutionConfigurationPlatforms) = preSolution
		Debug|Any CPU = Debug|Any CPU
		Release|Any CPU = Release|Any CPU
	EndGlobalSection
	GlobalSection(ProjectConfigurationPlatforms) = postSolution
		{0ACA2803-C101-45C9-9D2D-342C81EEDDB0}.Debug|Any CPU.ActiveCfg = Debug|Any CPU
		{0ACA2803-C101-45C9-9D2D-342C81EEDDB0}.Debug|Any CPU.Build.0 = Debug|Any CPU
		{0ACA2803-C101-45C9-9D2D-342C81EEDDB0}.Release|Any CPU.ActiveCfg = Release|Any CPU
		{0ACA2803-C101-45C9-9D2D-342C81EEDDB0}.Release|Any CPU.Build.0 = Release|Any CPU
	EndGlobalSection
	GlobalSection(SolutionProperties) = preSolution
		HideSolutionNode = FALSE
	EndGlobalSection
	GlobalSection(ExtensibilityGlobals) = postSolution
		SolutionGuid = {52760460-AB67-49FF-A8E8-EC4AC98617E6}
	EndGlobalSection
EndGlobal
